{
    "name": "@ordbok/demo",
    "version": "0.0.2",
    "lockfileVersion": 1,
    "requires": true,
    "dependencies": {
        "@ordbok/core": {
            "version": "git+https://github.com/ordbok/core.git#934ef14d58e2527905626a924773554f1c334e97",
            "from": "git+https://github.com/ordbok/core.git#v0.0.3",
            "dev": true
        },
        "@ordbok/index-plugin": {
            "version": "git+https://github.com/ordbok/index-plugin.git#bc55bb01a74d886b8c8a9d4ad6785ed645e692e0",
            "from": "git+https://github.com/ordbok/index-plugin.git#v0.0.1",
            "dev": true
        },
        "requirejs": {
            "version": "2.3.6",
            "resolved": "https://registry.npmjs.org/requirejs/-/requirejs-2.3.6.tgz",
            "integrity": "sha512-ipEzlWQe6RK3jkzikgCupiTbTvm4S0/CAU5GlgptkN5SO6F3u0UD0K18wy6ErDqiCyP4J4YYe1HuAShvsxePLg==",
            "dev": true
        },
        "typescript": {
            "version": "3.5.3",
            "resolved": "https://registry.npmjs.org/typescript/-/typescript-3.5.3.tgz",
            "integrity": "sha512-ACzBtm/PhXBDId6a6sDJfroT2pOWt/oOnk4/dElG5G33ZL776N3Y6/6bKZJBFpd+b05F3Ct9qDjMeJmRWtE2/g==",
            "dev": true
        }
    }
}
