{
    "name": "@ordbok/demo",
    "version": "0.0.2",
    "lockfileVersion": 1,
    "requires": true,
    "dependencies": {
        "@ordbok/core": {
            "version": "github:ordbok/core#1806095aa9f7ab20d378b072b9b1ce858b2a9519",
            "from": "github:ordbok/core#v0.0.8",
            "dev": true
        },
        "@ordbok/index-plugin": {
            "version": "github:ordbok/index-plugin#695d1d21a0f34c54e67b3f3f47ef52652fbf2e3a",
            "from": "github:ordbok/index-plugin#v0.0.4",
            "dev": true
        },
        "requirejs": {
            "version": "2.3.6",
            "resolved": "https://registry.npmjs.org/requirejs/-/requirejs-2.3.6.tgz",
            "integrity": "sha512-ipEzlWQe6RK3jkzikgCupiTbTvm4S0/CAU5GlgptkN5SO6F3u0UD0K18wy6ErDqiCyP4J4YYe1HuAShvsxePLg==",
            "dev": true
        },
        "typescript": {
            "version": "3.4.5",
            "resolved": "https://registry.npmjs.org/typescript/-/typescript-3.4.5.tgz",
            "integrity": "sha512-YycBxUb49UUhdNMU5aJ7z5Ej2XGmaIBL0x34vZ82fn3hGvD+bgrMrVDpatgz2f7YxUMJxMkbWxJZeAvDxVe7Vw==",
            "dev": true
        }
    }
}
